
Microsoft Visual Studio Solution File, Format Version 12.00
# Visual Studio Version 17
VisualStudioVersion = 17.5.002.0
MinimumVisualStudioVersion = 10.0.40219.1
Project("{9A19103F-16F7-4668-BE54-9A1E7A4F7556}") = "loads-of-templates", "loads-of-templates.csproj", "{C34A3EC9-B096-4760-8149-BD1D23F13239}"
EndProject
Global
	GlobalSection(SolutionConfigurationPlatforms) = preSolution
		Debug|Any CPU = Debug|Any CPU
		Release|Any CPU = Release|Any CPU
	EndGlobalSection
	GlobalSection(ProjectConfigurationPlatforms) = postSolution
		{C34A3EC9-B096-4760-8149-BD1D23F13239}.Debug|Any CPU.ActiveCfg = Debug|Any CPU
		{C34A3EC9-B096-4760-8149-BD1D23F13239}.Debug|Any CPU.Build.0 = Debug|Any CPU
		{C34A3EC9-B096-4760-8149-BD1D23F13239}.Release|Any CPU.ActiveCfg = Release|Any CPU
		{C34A3EC9-B096-4760-8149-BD1D23F13239}.Release|Any CPU.Build.0 = Release|Any CPU
	EndGlobalSection
	GlobalSection(SolutionProperties) = preSolution
		HideSolutionNode = FALSE
	EndGlobalSection
	GlobalSection(ExtensibilityGlobals) = postSolution
		SolutionGuid = {E094315B-0574-4F36-8F2F-9D8CA6BDBDF1}
	EndGlobalSection
EndGlobal
